
Microsoft Visual Studio Solution File, Format Version 12.00
# Visual Studio 14
VisualStudioVersion = 14.0.25420.1
MinimumVisualStudioVersion = 10.0.40219.1
Project("{FAE04EC0-301F-11D3-BF4B-00C04F79EFBC}") = "HdMatrialServices", "HdMatrialServices\HdMatrialServices.csproj", "{35F275A4-D9BA-454D-857B-8E9529C7745B}"
EndProject
Project("{FAE04EC0-301F-11D3-BF4B-00C04F79EFBC}") = "IhdMatrialSQLite", "IhdMatrialSQLite\IhdMatrialSQLite.csproj", "{136BC7FD-E101-41C7-A597-6CDF3C16C90A}"
EndProject
Global
	GlobalSection(SolutionConfigurationPlatforms) = preSolution
		Debug|Any CPU = Debug|Any CPU
		Release|Any CPU = Release|Any CPU
	EndGlobalSection
	GlobalSection(ProjectConfigurationPlatforms) = postSolution
		{35F275A4-D9BA-454D-857B-8E9529C7745B}.Debug|Any CPU.ActiveCfg = Debug|Any CPU
		{35F275A4-D9BA-454D-857B-8E9529C7745B}.Debug|Any CPU.Build.0 = Debug|Any CPU
		{35F275A4-D9BA-454D-857B-8E9529C7745B}.Release|Any CPU.ActiveCfg = Release|Any CPU
		{35F275A4-D9BA-454D-857B-8E9529C7745B}.Release|Any CPU.Build.0 = Release|Any CPU
		{136BC7FD-E101-41C7-A597-6CDF3C16C90A}.Debug|Any CPU.ActiveCfg = Debug|Any CPU
		{136BC7FD-E101-41C7-A597-6CDF3C16C90A}.Debug|Any CPU.Build.0 = Debug|Any CPU
		{136BC7FD-E101-41C7-A597-6CDF3C16C90A}.Release|Any CPU.ActiveCfg = Release|Any CPU
		{136BC7FD-E101-41C7-A597-6CDF3C16C90A}.Release|Any CPU.Build.0 = Release|Any CPU
	EndGlobalSection
	GlobalSection(SolutionProperties) = preSolution
		HideSolutionNode = FALSE
	EndGlobalSection
EndGlobal
